
Microsoft Visual Studio Solution File, Format Version 12.00
# Visual Studio Version 17
VisualStudioVersion = 17.0.31903.59
MinimumVisualStudioVersion = 10.0.40219.1
Project("{9A19103F-16F7-4668-BE54-9A1E7A4F7556}") = "RushAg.Server", "RushAg\Server\RushAg.Server.csproj", "{0BE90229-8E81-493F-87B5-AABD7920053C}"
	ProjectSection(ProjectDependencies) = postProject
		{C129ED17-FB48-41C7-AF1B-CA94ED9163BE} = {C129ED17-FB48-41C7-AF1B-CA94ED9163BE}
	EndProjectSection
EndProject
Project("{9A19103F-16F7-4668-BE54-9A1E7A4F7556}") = "RushAg.Client", "RushAg\Client\RushAg.Client.csproj", "{C129ED17-FB48-41C7-AF1B-CA94ED9163BE}"
EndProject
Project("{9A19103F-16F7-4668-BE54-9A1E7A4F7556}") = "RushAg.Shared", "RushAg\Shared\RushAg.Shared.csproj", "{BB8813AC-E9A4-48FA-A1CB-5DA368BEBF41}"
EndProject
Project("{9A19103F-16F7-4668-BE54-9A1E7A4F7556}") = "RushAg.Infrastructure", "RushAg\Infrastructure\RushAg.Infrastructure.csproj", "{ADDB8C22-5B1B-457B-9581-AB6C9F0231B7}"
EndProject
Project("{9A19103F-16F7-4668-BE54-9A1E7A4F7556}") = "RushAg.Core", "RushAg.Core\RushAg.Core.csproj", "{7B35C74F-77DA-4710-9FCC-514E2F251F2D}"
EndProject
Global
	GlobalSection(SolutionConfigurationPlatforms) = preSolution
		Debug|Any CPU = Debug|Any CPU
		Release|Any CPU = Release|Any CPU
	EndGlobalSection
	GlobalSection(ProjectConfigurationPlatforms) = postSolution
		{0BE90229-8E81-493F-87B5-AABD7920053C}.Debug|Any CPU.ActiveCfg = Debug|Any CPU
		{0BE90229-8E81-493F-87B5-AABD7920053C}.Debug|Any CPU.Build.0 = Debug|Any CPU
		{0BE90229-8E81-493F-87B5-AABD7920053C}.Release|Any CPU.ActiveCfg = Release|Any CPU
		{0BE90229-8E81-493F-87B5-AABD7920053C}.Release|Any CPU.Build.0 = Release|Any CPU
		{C129ED17-FB48-41C7-AF1B-CA94ED9163BE}.Debug|Any CPU.ActiveCfg = Debug|Any CPU
		{C129ED17-FB48-41C7-AF1B-CA94ED9163BE}.Debug|Any CPU.Build.0 = Debug|Any CPU
		{C129ED17-FB48-41C7-AF1B-CA94ED9163BE}.Release|Any CPU.ActiveCfg = Release|Any CPU
		{C129ED17-FB48-41C7-AF1B-CA94ED9163BE}.Release|Any CPU.Build.0 = Release|Any CPU
		{BB8813AC-E9A4-48FA-A1CB-5DA368BEBF41}.Debug|Any CPU.ActiveCfg = Debug|Any CPU
		{BB8813AC-E9A4-48FA-A1CB-5DA368BEBF41}.Debug|Any CPU.Build.0 = Debug|Any CPU
		{BB8813AC-E9A4-48FA-A1CB-5DA368BEBF41}.Release|Any CPU.ActiveCfg = Release|Any CPU
		{BB8813AC-E9A4-48FA-A1CB-5DA368BEBF41}.Release|Any CPU.Build.0 = Release|Any CPU
		{ADDB8C22-5B1B-457B-9581-AB6C9F0231B7}.Debug|Any CPU.ActiveCfg = Debug|Any CPU
		{ADDB8C22-5B1B-457B-9581-AB6C9F0231B7}.Debug|Any CPU.Build.0 = Debug|Any CPU
		{ADDB8C22-5B1B-457B-9581-AB6C9F0231B7}.Release|Any CPU.ActiveCfg = Release|Any CPU
		{ADDB8C22-5B1B-457B-9581-AB6C9F0231B7}.Release|Any CPU.Build.0 = Release|Any CPU
		{7B35C74F-77DA-4710-9FCC-514E2F251F2D}.Debug|Any CPU.ActiveCfg = Debug|Any CPU
		{7B35C74F-77DA-4710-9FCC-514E2F251F2D}.Debug|Any CPU.Build.0 = Debug|Any CPU
		{7B35C74F-77DA-4710-9FCC-514E2F251F2D}.Release|Any CPU.ActiveCfg = Release|Any CPU
		{7B35C74F-77DA-4710-9FCC-514E2F251F2D}.Release|Any CPU.Build.0 = Release|Any CPU
	EndGlobalSection
	GlobalSection(SolutionProperties) = preSolution
		HideSolutionNode = FALSE
	EndGlobalSection
	GlobalSection(ExtensibilityGlobals) = postSolution
		SolutionGuid = {9436E114-D851-4B81-AAC5-1F2405C49C33}
	EndGlobalSection
EndGlobal
